
Microsoft Visual Studio Solution File, Format Version 9.00
# Visual Studio 2005
Project("{8BC9CEB8-8B4A-11D0-8D11-00A0C91BC942}") = "Type2Tag", "FeliCaPort2.0\Type2Tag\Type2Tag.vcproj", "{2C4D9487-7B3B-4C34-948B-8B6386D276C5}"
EndProject
Project("{8BC9CEB8-8B4A-11D0-8D11-00A0C91BC942}") = "Type3Tag", "FeliCaPort2.0\Type3Tag\Type3Tag.vcproj", "{A441DEC6-6181-4373-8461-5AF5653CE189}"
EndProject
Project("{8BC9CEB8-8B4A-11D0-8D11-00A0C91BC942}") = "Type4aTag", "FeliCaPort2.0\Type4aTag\Type4aTag.vcproj", "{8415E3E2-FEA2-4940-8B52-F7D2C5346C0D}"
EndProject
Project("{8BC9CEB8-8B4A-11D0-8D11-00A0C91BC942}") = "Type4bTag", "FeliCaPort2.0\Type4bTag\Type4bTag.vcproj", "{BB47E226-1C97-406F-AF11-41921158BD2A}"
EndProject
Project("{2150E333-8FDC-42A3-9474-1A3956D46DE8}") = "FeliCaPort2.0", "FeliCaPort2.0", "{CC19BE38-5C4A-498A-B21E-B73DFF47B678}"
EndProject
Project("{2150E333-8FDC-42A3-9474-1A3956D46DE8}") = "NFCPort100", "NFCPort100", "{E520F755-7BC2-498F-BC05-701792C4C861}"
EndProject
Project("{8BC9CEB8-8B4A-11D0-8D11-00A0C91BC942}") = "Type2Tag", "NFCPort100\Type2Tag\Type2Tag.vcproj", "{D7E6B359-6CC5-45CE-A337-1A10F872D130}"
EndProject
Project("{8BC9CEB8-8B4A-11D0-8D11-00A0C91BC942}") = "Type3Tag", "NFCPort100\Type3Tag\Type3Tag.vcproj", "{B004EB8C-6976-4D46-BC56-0B2F727225C8}"
EndProject
Project("{8BC9CEB8-8B4A-11D0-8D11-00A0C91BC942}") = "Type4Tag", "NFCPort100\Type4Tag\Type4Tag.vcproj", "{F7871572-A77F-40EF-A65C-7F000E614F78}"
EndProject
Global
	GlobalSection(SolutionConfigurationPlatforms) = preSolution
		Debug|Win32 = Debug|Win32
		Release|Win32 = Release|Win32
	EndGlobalSection
	GlobalSection(ProjectConfigurationPlatforms) = postSolution
		{2C4D9487-7B3B-4C34-948B-8B6386D276C5}.Debug|Win32.ActiveCfg = Debug|Win32
		{2C4D9487-7B3B-4C34-948B-8B6386D276C5}.Debug|Win32.Build.0 = Debug|Win32
		{2C4D9487-7B3B-4C34-948B-8B6386D276C5}.Release|Win32.ActiveCfg = Release|Win32
		{2C4D9487-7B3B-4C34-948B-8B6386D276C5}.Release|Win32.Build.0 = Release|Win32
		{A441DEC6-6181-4373-8461-5AF5653CE189}.Debug|Win32.ActiveCfg = Debug|Win32
		{A441DEC6-6181-4373-8461-5AF5653CE189}.Debug|Win32.Build.0 = Debug|Win32
		{A441DEC6-6181-4373-8461-5AF5653CE189}.Release|Win32.ActiveCfg = Release|Win32
		{A441DEC6-6181-4373-8461-5AF5653CE189}.Release|Win32.Build.0 = Release|Win32
		{8415E3E2-FEA2-4940-8B52-F7D2C5346C0D}.Debug|Win32.ActiveCfg = Debug|Win32
		{8415E3E2-FEA2-4940-8B52-F7D2C5346C0D}.Debug|Win32.Build.0 = Debug|Win32
		{8415E3E2-FEA2-4940-8B52-F7D2C5346C0D}.Release|Win32.ActiveCfg = Release|Win32
		{8415E3E2-FEA2-4940-8B52-F7D2C5346C0D}.Release|Win32.Build.0 = Release|Win32
		{BB47E226-1C97-406F-AF11-41921158BD2A}.Debug|Win32.ActiveCfg = Debug|Win32
		{BB47E226-1C97-406F-AF11-41921158BD2A}.Debug|Win32.Build.0 = Debug|Win32
		{BB47E226-1C97-406F-AF11-41921158BD2A}.Release|Win32.ActiveCfg = Release|Win32
		{BB47E226-1C97-406F-AF11-41921158BD2A}.Release|Win32.Build.0 = Release|Win32
		{D7E6B359-6CC5-45CE-A337-1A10F872D130}.Debug|Win32.ActiveCfg = Debug|Win32
		{D7E6B359-6CC5-45CE-A337-1A10F872D130}.Debug|Win32.Build.0 = Debug|Win32
		{D7E6B359-6CC5-45CE-A337-1A10F872D130}.Release|Win32.ActiveCfg = Release|Win32
		{D7E6B359-6CC5-45CE-A337-1A10F872D130}.Release|Win32.Build.0 = Release|Win32
		{B004EB8C-6976-4D46-BC56-0B2F727225C8}.Debug|Win32.ActiveCfg = Debug|Win32
		{B004EB8C-6976-4D46-BC56-0B2F727225C8}.Debug|Win32.Build.0 = Debug|Win32
		{B004EB8C-6976-4D46-BC56-0B2F727225C8}.Release|Win32.ActiveCfg = Release|Win32
		{B004EB8C-6976-4D46-BC56-0B2F727225C8}.Release|Win32.Build.0 = Release|Win32
		{F7871572-A77F-40EF-A65C-7F000E614F78}.Debug|Win32.ActiveCfg = Debug|Win32
		{F7871572-A77F-40EF-A65C-7F000E614F78}.Debug|Win32.Build.0 = Debug|Win32
		{F7871572-A77F-40EF-A65C-7F000E614F78}.Release|Win32.ActiveCfg = Release|Win32
		{F7871572-A77F-40EF-A65C-7F000E614F78}.Release|Win32.Build.0 = Release|Win32
	EndGlobalSection
	GlobalSection(SolutionProperties) = preSolution
		HideSolutionNode = FALSE
	EndGlobalSection
	GlobalSection(NestedProjects) = preSolution
		{BB47E226-1C97-406F-AF11-41921158BD2A} = {CC19BE38-5C4A-498A-B21E-B73DFF47B678}
		{2C4D9487-7B3B-4C34-948B-8B6386D276C5} = {CC19BE38-5C4A-498A-B21E-B73DFF47B678}
		{A441DEC6-6181-4373-8461-5AF5653CE189} = {CC19BE38-5C4A-498A-B21E-B73DFF47B678}
		{8415E3E2-FEA2-4940-8B52-F7D2C5346C0D} = {CC19BE38-5C4A-498A-B21E-B73DFF47B678}
		{D7E6B359-6CC5-45CE-A337-1A10F872D130} = {E520F755-7BC2-498F-BC05-701792C4C861}
		{B004EB8C-6976-4D46-BC56-0B2F727225C8} = {E520F755-7BC2-498F-BC05-701792C4C861}
		{F7871572-A77F-40EF-A65C-7F000E614F78} = {E520F755-7BC2-498F-BC05-701792C4C861}
	EndGlobalSection
EndGlobal
